
Microsoft Visual Studio Solution File, Format Version 12.00
# Visual Studio 2012
Project("{FAE04EC0-301F-11D3-BF4B-00C04F79EFBC}") = "Macsauto.Domain", "Macsauto.Domain\Macsauto.Domain.csproj", "{4C208993-7666-4342-8C18-B83B00B31CB7}"
EndProject
Project("{2150E333-8FDC-42A3-9474-1A3956D46DE8}") = "1. Domain", "1. Domain", "{27529EDD-DA7A-4D43-BDAC-8542CCFED4DD}"
EndProject
Project("{FAE04EC0-301F-11D3-BF4B-00C04F79EFBC}") = "Macsauto.Domain.BranchManagement", "Macsauto.Domain.BranchManagement\Macsauto.Domain.BranchManagement.csproj", "{95472649-72C8-4D0A-8913-1EB93E79B526}"
EndProject
Project("{FAE04EC0-301F-11D3-BF4B-00C04F79EFBC}") = "Macsauto.Domain.Common", "Macsauto.Domain.Common\Macsauto.Domain.Common.csproj", "{9E296349-E0A3-4631-A6C1-1EB8534C6C96}"
EndProject
Project("{2150E333-8FDC-42A3-9474-1A3956D46DE8}") = "2. Infrastructure", "2. Infrastructure", "{71BBF663-CFBF-4D35-A705-7166D319FCF6}"
EndProject
Project("{FAE04EC0-301F-11D3-BF4B-00C04F79EFBC}") = "Macsauto.Infrastructure.Persistence", "Macsauto.Infrastructure.Persistence\Macsauto.Infrastructure.Persistence.csproj", "{C0764B1B-1B95-402F-9BC5-678D27821474}"
EndProject
Project("{FAE04EC0-301F-11D3-BF4B-00C04F79EFBC}") = "Macsauto.Infrastructure", "Macsauto.Infrastructure\Macsauto.Infrastructure.csproj", "{14196153-BAD2-4188-AB76-FADB105755A2}"
EndProject
Project("{2150E333-8FDC-42A3-9474-1A3956D46DE8}") = ".nuget", ".nuget", "{1587CC22-BEAE-4A76-A299-CC927224AE28}"
	ProjectSection(SolutionItems) = preProject
		.nuget\NuGet.Config = .nuget\NuGet.Config
		.nuget\NuGet.exe = .nuget\NuGet.exe
		.nuget\NuGet.targets = .nuget\NuGet.targets
	EndProjectSection
EndProject
Project("{FAE04EC0-301F-11D3-BF4B-00C04F79EFBC}") = "Macsauto.Infrastructure.Crosscutting", "Macsauto.Infrastructure.Crosscutting\Macsauto.Infrastructure.Crosscutting.csproj", "{20A3533B-9C38-4649-8271-650F1FFC7C34}"
EndProject
Project("{2150E333-8FDC-42A3-9474-1A3956D46DE8}") = "3. Presentation", "3. Presentation", "{6D704B59-DB3E-452F-9084-B4A21C8915A4}"
EndProject
Project("{FAE04EC0-301F-11D3-BF4B-00C04F79EFBC}") = "Macsauto.Presentation.WPF", "Macsauto.Presentation.WPF\Macsauto.Presentation.WPF.csproj", "{A54D0FFD-2528-4A31-B032-6DBBA0FD3B24}"
EndProject
Project("{FAE04EC0-301F-11D3-BF4B-00C04F79EFBC}") = "Macsauto.Domain.Accounting", "Macsauto.Domain.Accounting\Macsauto.Domain.Accounting.csproj", "{7C458C41-755F-42D4-B84F-477126A27938}"
EndProject
Project("{FAE04EC0-301F-11D3-BF4B-00C04F79EFBC}") = "Macsauto.Domain.Inventory", "Macsauto.Domain.Inventory\Macsauto.Domain.Inventory.csproj", "{8BDA3197-EED8-4452-A6BE-D5608BB7E7C7}"
EndProject
Project("{FAE04EC0-301F-11D3-BF4B-00C04F79EFBC}") = "Macsauto.Domain.Test", "Macsauto.Domain.Test\Macsauto.Domain.Test.csproj", "{C4DF5BD8-1E99-433B-89B0-3BC23264C3F9}"
EndProject
Global
	GlobalSection(SolutionConfigurationPlatforms) = preSolution
		Debug|Any CPU = Debug|Any CPU
		Release|Any CPU = Release|Any CPU
	EndGlobalSection
	GlobalSection(ProjectConfigurationPlatforms) = postSolution
		{4C208993-7666-4342-8C18-B83B00B31CB7}.Debug|Any CPU.ActiveCfg = Debug|Any CPU
		{4C208993-7666-4342-8C18-B83B00B31CB7}.Debug|Any CPU.Build.0 = Debug|Any CPU
		{4C208993-7666-4342-8C18-B83B00B31CB7}.Release|Any CPU.ActiveCfg = Release|Any CPU
		{4C208993-7666-4342-8C18-B83B00B31CB7}.Release|Any CPU.Build.0 = Release|Any CPU
		{95472649-72C8-4D0A-8913-1EB93E79B526}.Debug|Any CPU.ActiveCfg = Debug|Any CPU
		{95472649-72C8-4D0A-8913-1EB93E79B526}.Debug|Any CPU.Build.0 = Debug|Any CPU
		{95472649-72C8-4D0A-8913-1EB93E79B526}.Release|Any CPU.ActiveCfg = Release|Any CPU
		{95472649-72C8-4D0A-8913-1EB93E79B526}.Release|Any CPU.Build.0 = Release|Any CPU
		{9E296349-E0A3-4631-A6C1-1EB8534C6C96}.Debug|Any CPU.ActiveCfg = Debug|Any CPU
		{9E296349-E0A3-4631-A6C1-1EB8534C6C96}.Debug|Any CPU.Build.0 = Debug|Any CPU
		{9E296349-E0A3-4631-A6C1-1EB8534C6C96}.Release|Any CPU.ActiveCfg = Release|Any CPU
		{9E296349-E0A3-4631-A6C1-1EB8534C6C96}.Release|Any CPU.Build.0 = Release|Any CPU
		{C0764B1B-1B95-402F-9BC5-678D27821474}.Debug|Any CPU.ActiveCfg = Debug|Any CPU
		{C0764B1B-1B95-402F-9BC5-678D27821474}.Debug|Any CPU.Build.0 = Debug|Any CPU
		{C0764B1B-1B95-402F-9BC5-678D27821474}.Release|Any CPU.ActiveCfg = Release|Any CPU
		{C0764B1B-1B95-402F-9BC5-678D27821474}.Release|Any CPU.Build.0 = Release|Any CPU
		{14196153-BAD2-4188-AB76-FADB105755A2}.Debug|Any CPU.ActiveCfg = Debug|Any CPU
		{14196153-BAD2-4188-AB76-FADB105755A2}.Debug|Any CPU.Build.0 = Debug|Any CPU
		{14196153-BAD2-4188-AB76-FADB105755A2}.Release|Any CPU.ActiveCfg = Release|Any CPU
		{14196153-BAD2-4188-AB76-FADB105755A2}.Release|Any CPU.Build.0 = Release|Any CPU
		{20A3533B-9C38-4649-8271-650F1FFC7C34}.Debug|Any CPU.ActiveCfg = Debug|Any CPU
		{20A3533B-9C38-4649-8271-650F1FFC7C34}.Debug|Any CPU.Build.0 = Debug|Any CPU
		{20A3533B-9C38-4649-8271-650F1FFC7C34}.Release|Any CPU.ActiveCfg = Release|Any CPU
		{20A3533B-9C38-4649-8271-650F1FFC7C34}.Release|Any CPU.Build.0 = Release|Any CPU
		{A54D0FFD-2528-4A31-B032-6DBBA0FD3B24}.Debug|Any CPU.ActiveCfg = Debug|Any CPU
		{A54D0FFD-2528-4A31-B032-6DBBA0FD3B24}.Debug|Any CPU.Build.0 = Debug|Any CPU
		{A54D0FFD-2528-4A31-B032-6DBBA0FD3B24}.Release|Any CPU.ActiveCfg = Release|Any CPU
		{A54D0FFD-2528-4A31-B032-6DBBA0FD3B24}.Release|Any CPU.Build.0 = Release|Any CPU
		{7C458C41-755F-42D4-B84F-477126A27938}.Debug|Any CPU.ActiveCfg = Debug|Any CPU
		{7C458C41-755F-42D4-B84F-477126A27938}.Debug|Any CPU.Build.0 = Debug|Any CPU
		{7C458C41-755F-42D4-B84F-477126A27938}.Release|Any CPU.ActiveCfg = Release|Any CPU
		{7C458C41-755F-42D4-B84F-477126A27938}.Release|Any CPU.Build.0 = Release|Any CPU
		{8BDA3197-EED8-4452-A6BE-D5608BB7E7C7}.Debug|Any CPU.ActiveCfg = Debug|Any CPU
		{8BDA3197-EED8-4452-A6BE-D5608BB7E7C7}.Debug|Any CPU.Build.0 = Debug|Any CPU
		{8BDA3197-EED8-4452-A6BE-D5608BB7E7C7}.Release|Any CPU.ActiveCfg = Release|Any CPU
		{8BDA3197-EED8-4452-A6BE-D5608BB7E7C7}.Release|Any CPU.Build.0 = Release|Any CPU
		{C4DF5BD8-1E99-433B-89B0-3BC23264C3F9}.Debug|Any CPU.ActiveCfg = Debug|Any CPU
		{C4DF5BD8-1E99-433B-89B0-3BC23264C3F9}.Debug|Any CPU.Build.0 = Debug|Any CPU
		{C4DF5BD8-1E99-433B-89B0-3BC23264C3F9}.Release|Any CPU.ActiveCfg = Release|Any CPU
		{C4DF5BD8-1E99-433B-89B0-3BC23264C3F9}.Release|Any CPU.Build.0 = Release|Any CPU
	EndGlobalSection
	GlobalSection(SolutionProperties) = preSolution
		HideSolutionNode = FALSE
	EndGlobalSection
	GlobalSection(NestedProjects) = preSolution
		{4C208993-7666-4342-8C18-B83B00B31CB7} = {27529EDD-DA7A-4D43-BDAC-8542CCFED4DD}
		{95472649-72C8-4D0A-8913-1EB93E79B526} = {27529EDD-DA7A-4D43-BDAC-8542CCFED4DD}
		{9E296349-E0A3-4631-A6C1-1EB8534C6C96} = {27529EDD-DA7A-4D43-BDAC-8542CCFED4DD}
		{7C458C41-755F-42D4-B84F-477126A27938} = {27529EDD-DA7A-4D43-BDAC-8542CCFED4DD}
		{8BDA3197-EED8-4452-A6BE-D5608BB7E7C7} = {27529EDD-DA7A-4D43-BDAC-8542CCFED4DD}
		{C4DF5BD8-1E99-433B-89B0-3BC23264C3F9} = {27529EDD-DA7A-4D43-BDAC-8542CCFED4DD}
		{C0764B1B-1B95-402F-9BC5-678D27821474} = {71BBF663-CFBF-4D35-A705-7166D319FCF6}
		{14196153-BAD2-4188-AB76-FADB105755A2} = {71BBF663-CFBF-4D35-A705-7166D319FCF6}
		{20A3533B-9C38-4649-8271-650F1FFC7C34} = {71BBF663-CFBF-4D35-A705-7166D319FCF6}
		{A54D0FFD-2528-4A31-B032-6DBBA0FD3B24} = {6D704B59-DB3E-452F-9084-B4A21C8915A4}
	EndGlobalSection
EndGlobal
